
Microsoft Visual Studio Solution File, Format Version 11.00
# Visual Studio 2010
Project("{FAE04EC0-301F-11D3-BF4B-00C04F79EFBC}") = "Shubhascannerdll", "Shubhascannerdll\Shubhascannerdll.csproj", "{48355DBA-6798-4659-9CD2-D33A77621EFA}"
EndProject
Global
	GlobalSection(SolutionConfigurationPlatforms) = preSolution
		Debug|Any CPU = Debug|Any CPU
		Release|Any CPU = Release|Any CPU
	EndGlobalSection
	GlobalSection(ProjectConfigurationPlatforms) = postSolution
		{48355DBA-6798-4659-9CD2-D33A77621EFA}.Debug|Any CPU.ActiveCfg = Debug|Any CPU
		{48355DBA-6798-4659-9CD2-D33A77621EFA}.Debug|Any CPU.Build.0 = Debug|Any CPU
		{48355DBA-6798-4659-9CD2-D33A77621EFA}.Release|Any CPU.ActiveCfg = Release|Any CPU
		{48355DBA-6798-4659-9CD2-D33A77621EFA}.Release|Any CPU.Build.0 = Release|Any CPU
	EndGlobalSection
	GlobalSection(SolutionProperties) = preSolution
		HideSolutionNode = FALSE
	EndGlobalSection
EndGlobal
